
Microsoft Visual Studio Solution File, Format Version 12.00
# Visual Studio Version 17
VisualStudioVersion = 17.5.33502.453
MinimumVisualStudioVersion = 10.0.40219.1
Project("{9A19103F-16F7-4668-BE54-9A1E7A4F7556}") = "CleanArchitecture.WebApi", "CleanArchitecture\CleanArchitecture.WebApi\CleanArchitecture.WebApi.csproj", "{1E3ED7FF-7F68-45B9-A284-85DCD5299DE6}"
EndProject
Project("{9A19103F-16F7-4668-BE54-9A1E7A4F7556}") = "CleanArchitecture.Core", "CleanArchitecture\CleanArchitecture.Application\CleanArchitecture.Core.csproj", "{D909831C-2D21-4C1F-A19F-8B1A110AE13E}"
EndProject
Project("{9A19103F-16F7-4668-BE54-9A1E7A4F7556}") = "CleanArchitecture.Infrastructure", "CleanArchitecture\CleanArchitecture.Infrastructure\CleanArchitecture.Infrastructure.csproj", "{5003878B-4E58-46BA-8DFB-BAD161E34915}"
EndProject
Global
	GlobalSection(SolutionConfigurationPlatforms) = preSolution
		Debug|Any CPU = Debug|Any CPU
		Release|Any CPU = Release|Any CPU
	EndGlobalSection
	GlobalSection(ProjectConfigurationPlatforms) = postSolution
		{1E3ED7FF-7F68-45B9-A284-85DCD5299DE6}.Debug|Any CPU.ActiveCfg = Debug|Any CPU
		{1E3ED7FF-7F68-45B9-A284-85DCD5299DE6}.Debug|Any CPU.Build.0 = Debug|Any CPU
		{1E3ED7FF-7F68-45B9-A284-85DCD5299DE6}.Release|Any CPU.ActiveCfg = Release|Any CPU
		{1E3ED7FF-7F68-45B9-A284-85DCD5299DE6}.Release|Any CPU.Build.0 = Release|Any CPU
		{D909831C-2D21-4C1F-A19F-8B1A110AE13E}.Debug|Any CPU.ActiveCfg = Debug|Any CPU
		{D909831C-2D21-4C1F-A19F-8B1A110AE13E}.Debug|Any CPU.Build.0 = Debug|Any CPU
		{D909831C-2D21-4C1F-A19F-8B1A110AE13E}.Release|Any CPU.ActiveCfg = Release|Any CPU
		{D909831C-2D21-4C1F-A19F-8B1A110AE13E}.Release|Any CPU.Build.0 = Release|Any CPU
		{5003878B-4E58-46BA-8DFB-BAD161E34915}.Debug|Any CPU.ActiveCfg = Debug|Any CPU
		{5003878B-4E58-46BA-8DFB-BAD161E34915}.Debug|Any CPU.Build.0 = Debug|Any CPU
		{5003878B-4E58-46BA-8DFB-BAD161E34915}.Release|Any CPU.ActiveCfg = Release|Any CPU
		{5003878B-4E58-46BA-8DFB-BAD161E34915}.Release|Any CPU.Build.0 = Release|Any CPU
	EndGlobalSection
	GlobalSection(SolutionProperties) = preSolution
		HideSolutionNode = FALSE
	EndGlobalSection
	GlobalSection(ExtensibilityGlobals) = postSolution
		SolutionGuid = {D0C06194-A47B-44AB-966A-FCF5130A61AF}
	EndGlobalSection
EndGlobal
